
Microsoft Visual Studio Solution File, Format Version 12.00
# Visual Studio Version 17
VisualStudioVersion = 17.10.34916.146
MinimumVisualStudioVersion = 10.0.40219.1
Project("{FAE04EC0-301F-11D3-BF4B-00C04F79EFBC}") = "Example.App", "Example.App\Example.App.csproj", "{139D162D-F82A-4724-9CE2-F0617A4A53A5}"
EndProject
Project("{FAE04EC0-301F-11D3-BF4B-00C04F79EFBC}") = "Example.Repository", "Example.Repository\Example.Repository.csproj", "{7B42F2A3-8195-4D35-A31E-4FF0F12C7A7E}"
EndProject
Project("{FAE04EC0-301F-11D3-BF4B-00C04F79EFBC}") = "Example.Service", "Example.Service\Example.Service.csproj", "{9B481316-186C-415B-8C21-01AD7D32F8FE}"
EndProject
Project("{FAE04EC0-301F-11D3-BF4B-00C04F79EFBC}") = "Template.Web", "..\Template.Web\Template.Web.csproj", "{E690F25B-FCBA-4C53-9F66-9DA5D1D08FD0}"
EndProject
Global
	GlobalSection(SolutionConfigurationPlatforms) = preSolution
		Debug|Any CPU = Debug|Any CPU
		Release|Any CPU = Release|Any CPU
	EndGlobalSection
	GlobalSection(ProjectConfigurationPlatforms) = postSolution
		{139D162D-F82A-4724-9CE2-F0617A4A53A5}.Debug|Any CPU.ActiveCfg = Debug|Any CPU
		{139D162D-F82A-4724-9CE2-F0617A4A53A5}.Debug|Any CPU.Build.0 = Debug|Any CPU
		{139D162D-F82A-4724-9CE2-F0617A4A53A5}.Release|Any CPU.ActiveCfg = Release|Any CPU
		{139D162D-F82A-4724-9CE2-F0617A4A53A5}.Release|Any CPU.Build.0 = Release|Any CPU
		{7B42F2A3-8195-4D35-A31E-4FF0F12C7A7E}.Debug|Any CPU.ActiveCfg = Debug|Any CPU
		{7B42F2A3-8195-4D35-A31E-4FF0F12C7A7E}.Debug|Any CPU.Build.0 = Debug|Any CPU
		{7B42F2A3-8195-4D35-A31E-4FF0F12C7A7E}.Release|Any CPU.ActiveCfg = Release|Any CPU
		{7B42F2A3-8195-4D35-A31E-4FF0F12C7A7E}.Release|Any CPU.Build.0 = Release|Any CPU
		{9B481316-186C-415B-8C21-01AD7D32F8FE}.Debug|Any CPU.ActiveCfg = Debug|Any CPU
		{9B481316-186C-415B-8C21-01AD7D32F8FE}.Debug|Any CPU.Build.0 = Debug|Any CPU
		{9B481316-186C-415B-8C21-01AD7D32F8FE}.Release|Any CPU.ActiveCfg = Release|Any CPU
		{9B481316-186C-415B-8C21-01AD7D32F8FE}.Release|Any CPU.Build.0 = Release|Any CPU
		{E690F25B-FCBA-4C53-9F66-9DA5D1D08FD0}.Debug|Any CPU.ActiveCfg = Debug|Any CPU
		{E690F25B-FCBA-4C53-9F66-9DA5D1D08FD0}.Debug|Any CPU.Build.0 = Debug|Any CPU
		{E690F25B-FCBA-4C53-9F66-9DA5D1D08FD0}.Release|Any CPU.ActiveCfg = Release|Any CPU
		{E690F25B-FCBA-4C53-9F66-9DA5D1D08FD0}.Release|Any CPU.Build.0 = Release|Any CPU
	EndGlobalSection
	GlobalSection(SolutionProperties) = preSolution
		HideSolutionNode = FALSE
	EndGlobalSection
	GlobalSection(ExtensibilityGlobals) = postSolution
		SolutionGuid = {0FA318FE-3D50-49CE-AA8B-C3E02E89E700}
	EndGlobalSection
EndGlobal
