
Microsoft Visual Studio Solution File, Format Version 12.00
# Visual Studio Version 17
VisualStudioVersion = 17.10.34916.146
MinimumVisualStudioVersion = 10.0.40219.1
Project("{FAE04EC0-301F-11D3-BF4B-00C04F79EFBC}") = "CollectionsAndArrays.App", "CollectionsAndArrays.App\CollectionsAndArrays.App.csproj", "{1984F446-954B-4D13-A6B9-A544B8384DA9}"
EndProject
Project("{FAE04EC0-301F-11D3-BF4B-00C04F79EFBC}") = "SOLID", "SOLID\SOLID.csproj", "{ECB4FF73-D5A8-464C-ABA1-80930E972B88}"
EndProject
Global
	GlobalSection(SolutionConfigurationPlatforms) = preSolution
		Debug|Any CPU = Debug|Any CPU
		Release|Any CPU = Release|Any CPU
	EndGlobalSection
	GlobalSection(ProjectConfigurationPlatforms) = postSolution
		{1984F446-954B-4D13-A6B9-A544B8384DA9}.Debug|Any CPU.ActiveCfg = Debug|Any CPU
		{1984F446-954B-4D13-A6B9-A544B8384DA9}.Debug|Any CPU.Build.0 = Debug|Any CPU
		{1984F446-954B-4D13-A6B9-A544B8384DA9}.Release|Any CPU.ActiveCfg = Release|Any CPU
		{1984F446-954B-4D13-A6B9-A544B8384DA9}.Release|Any CPU.Build.0 = Release|Any CPU
		{ECB4FF73-D5A8-464C-ABA1-80930E972B88}.Debug|Any CPU.ActiveCfg = Debug|Any CPU
		{ECB4FF73-D5A8-464C-ABA1-80930E972B88}.Debug|Any CPU.Build.0 = Debug|Any CPU
		{ECB4FF73-D5A8-464C-ABA1-80930E972B88}.Release|Any CPU.ActiveCfg = Release|Any CPU
		{ECB4FF73-D5A8-464C-ABA1-80930E972B88}.Release|Any CPU.Build.0 = Release|Any CPU
	EndGlobalSection
	GlobalSection(SolutionProperties) = preSolution
		HideSolutionNode = FALSE
	EndGlobalSection
	GlobalSection(ExtensibilityGlobals) = postSolution
		SolutionGuid = {0FA318FE-3D50-49CE-AA8B-C3E02E89E700}
	EndGlobalSection
EndGlobal
